// !$*UTF8*$!
{
	archiveVersion = 1;
	classes = {
	};
	objectVersion = 46;
	objects = {

/* Begin PBXBuildFile section */
		A434B4FD1468B2450081BE77 /* TSActivityViewController.m in Sources */ = {isa = PBXBuildFile; fileRef = A434B4FC1468B2450081BE77 /* TSActivityViewController.m */; };
		A434B50C1469D2DC0081BE77 /* CouchDBHandler.m in Sources */ = {isa = PBXBuildFile; fileRef = A434B50B1469D2DC0081BE77 /* CouchDBHandler.m */; };
		A434B5281469DE670081BE77 /* CDataScanner.m in Sources */ = {isa = PBXBuildFile; fileRef = A434B50F1469DE670081BE77 /* CDataScanner.m */; };
		A434B5291469DE670081BE77 /* CFilteringJSONSerializer.m in Sources */ = {isa = PBXBuildFile; fileRef = A434B5121469DE670081BE77 /* CFilteringJSONSerializer.m */; };
		A434B52A1469DE670081BE77 /* CJSONDeserializer_BlocksExtensions.m in Sources */ = {isa = PBXBuildFile; fileRef = A434B5141469DE670081BE77 /* CJSONDeserializer_BlocksExtensions.m */; };
		A434B52B1469DE670081BE77 /* CJSONSerializedData.m in Sources */ = {isa = PBXBuildFile; fileRef = A434B5161469DE670081BE77 /* CJSONSerializedData.m */; };
		A434B52C1469DE670081BE77 /* CDataScanner_Extensions.m in Sources */ = {isa = PBXBuildFile; fileRef = A434B5191469DE670081BE77 /* CDataScanner_Extensions.m */; };
		A434B52D1469DE670081BE77 /* NSCharacterSet_Extensions.m in Sources */ = {isa = PBXBuildFile; fileRef = A434B51B1469DE670081BE77 /* NSCharacterSet_Extensions.m */; };
		A434B52E1469DE670081BE77 /* NSDictionary_JSONExtensions.m in Sources */ = {isa = PBXBuildFile; fileRef = A434B51D1469DE670081BE77 /* NSDictionary_JSONExtensions.m */; };
		A434B52F1469DE670081BE77 /* NSScanner_Extensions.m in Sources */ = {isa = PBXBuildFile; fileRef = A434B51F1469DE670081BE77 /* NSScanner_Extensions.m */; };
		A434B5301469DE670081BE77 /* CJSONDeserializer.m in Sources */ = {isa = PBXBuildFile; fileRef = A434B5221469DE670081BE77 /* CJSONDeserializer.m */; };
		A434B5311469DE670081BE77 /* CJSONScanner.m in Sources */ = {isa = PBXBuildFile; fileRef = A434B5241469DE670081BE77 /* CJSONScanner.m */; };
		A434B5321469DE670081BE77 /* CJSONSerializer.m in Sources */ = {isa = PBXBuildFile; fileRef = A434B5261469DE670081BE77 /* CJSONSerializer.m */; };
		A434B535146B23AB0081BE77 /* CouchFetchedResultsController.m in Sources */ = {isa = PBXBuildFile; fileRef = A434B534146B23AB0081BE77 /* CouchFetchedResultsController.m */; };
		A434B538146B25890081BE77 /* CouchFetchRequest.m in Sources */ = {isa = PBXBuildFile; fileRef = A434B537146B25890081BE77 /* CouchFetchRequest.m */; };
		A434B545146CD95B0081BE77 /* appViews.js in Sources */ = {isa = PBXBuildFile; fileRef = A434B544146CD95B0081BE77 /* appViews.js */; };
		A4A10AE41460956400913801 /* UIKit.framework in Frameworks */ = {isa = PBXBuildFile; fileRef = A4A10AE31460956400913801 /* UIKit.framework */; };
		A4A10AE61460956400913801 /* Foundation.framework in Frameworks */ = {isa = PBXBuildFile; fileRef = A4A10AE51460956400913801 /* Foundation.framework */; };
		A4A10AE81460956400913801 /* CoreGraphics.framework in Frameworks */ = {isa = PBXBuildFile; fileRef = A4A10AE71460956400913801 /* CoreGraphics.framework */; };
		A4A10AEA1460956400913801 /* CoreData.framework in Frameworks */ = {isa = PBXBuildFile; fileRef = A4A10AE91460956400913801 /* CoreData.framework */; };
		A4A10AF01460956400913801 /* InfoPlist.strings in Resources */ = {isa = PBXBuildFile; fileRef = A4A10AEE1460956400913801 /* InfoPlist.strings */; };
		A4A10AF21460956400913801 /* main.m in Sources */ = {isa = PBXBuildFile; fileRef = A4A10AF11460956400913801 /* main.m */; };
		A4A10AF61460956400913801 /* TSAppDelegate.m in Sources */ = {isa = PBXBuildFile; fileRef = A4A10AF51460956400913801 /* TSAppDelegate.m */; };
		A4A10AF91460956400913801 /* iOSTimesheet.xcdatamodeld in Sources */ = {isa = PBXBuildFile; fileRef = A4A10AF71460956400913801 /* iOSTimesheet.xcdatamodeld */; };
		A4A10AFC1460956400913801 /* TSMasterViewController.m in Sources */ = {isa = PBXBuildFile; fileRef = A4A10AFB1460956400913801 /* TSMasterViewController.m */; };
		A4A10AFF1460956400913801 /* TSDetailViewController.m in Sources */ = {isa = PBXBuildFile; fileRef = A4A10AFE1460956400913801 /* TSDetailViewController.m */; };
		A4A10B021460956400913801 /* TSMasterViewController_iPhone.xib in Resources */ = {isa = PBXBuildFile; fileRef = A4A10B001460956400913801 /* TSMasterViewController_iPhone.xib */; };
		A4A10B051460956400913801 /* TSMasterViewController_iPad.xib in Resources */ = {isa = PBXBuildFile; fileRef = A4A10B031460956400913801 /* TSMasterViewController_iPad.xib */; };
		A4A10B081460956400913801 /* TSDetailViewController_iPhone.xib in Resources */ = {isa = PBXBuildFile; fileRef = A4A10B061460956400913801 /* TSDetailViewController_iPhone.xib */; };
		A4A10B0B1460956400913801 /* TSDetailViewController_iPad.xib in Resources */ = {isa = PBXBuildFile; fileRef = A4A10B091460956400913801 /* TSDetailViewController_iPad.xib */; };
		A4E6D1681463608000D5E08B /* TSTimesheetActivityView_iPhone.xib in Resources */ = {isa = PBXBuildFile; fileRef = A4E6D1671463608000D5E08B /* TSTimesheetActivityView_iPhone.xib */; };
/* End PBXBuildFile section */

/* Begin PBXFileReference section */
		A434B4FB1468B2450081BE77 /* TSActivityViewController.h */ = {isa = PBXFileReference; fileEncoding = 4; lastKnownFileType = sourcecode.c.h; path = TSActivityViewController.h; sourceTree = "<group>"; };
		A434B4FC1468B2450081BE77 /* TSActivityViewController.m */ = {isa = PBXFileReference; fileEncoding = 4; lastKnownFileType = sourcecode.c.objc; path = TSActivityViewController.m; sourceTree = "<group>"; };
		A434B4FF1468B3CB0081BE77 /* Constants.h */ = {isa = PBXFileReference; fileEncoding = 4; lastKnownFileType = sourcecode.c.h; path = Constants.h; sourceTree = "<group>"; };
		A434B50A1469D2DC0081BE77 /* CouchDBHandler.h */ = {isa = PBXFileReference; fileEncoding = 4; lastKnownFileType = sourcecode.c.h; path = CouchDBHandler.h; sourceTree = "<group>"; };
		A434B50B1469D2DC0081BE77 /* CouchDBHandler.m */ = {isa = PBXFileReference; fileEncoding = 4; lastKnownFileType = sourcecode.c.objc; path = CouchDBHandler.m; sourceTree = "<group>"; };
		A434B50E1469DE670081BE77 /* CDataScanner.h */ = {isa = PBXFileReference; fileEncoding = 4; lastKnownFileType = sourcecode.c.h; path = CDataScanner.h; sourceTree = "<group>"; };
		A434B50F1469DE670081BE77 /* CDataScanner.m */ = {isa = PBXFileReference; fileEncoding = 4; lastKnownFileType = sourcecode.c.objc; path = CDataScanner.m; sourceTree = "<group>"; };
		A434B5111469DE670081BE77 /* CFilteringJSONSerializer.h */ = {isa = PBXFileReference; fileEncoding = 4; lastKnownFileType = sourcecode.c.h; path = CFilteringJSONSerializer.h; sourceTree = "<group>"; };
		A434B5121469DE670081BE77 /* CFilteringJSONSerializer.m */ = {isa = PBXFileReference; fileEncoding = 4; lastKnownFileType = sourcecode.c.objc; path = CFilteringJSONSerializer.m; sourceTree = "<group>"; };
		A434B5131469DE670081BE77 /* CJSONDeserializer_BlocksExtensions.h */ = {isa = PBXFileReference; fileEncoding = 4; lastKnownFileType = sourcecode.c.h; path = CJSONDeserializer_BlocksExtensions.h; sourceTree = "<group>"; };
		A434B5141469DE670081BE77 /* CJSONDeserializer_BlocksExtensions.m */ = {isa = PBXFileReference; fileEncoding = 4; lastKnownFileType = sourcecode.c.objc; path = CJSONDeserializer_BlocksExtensions.m; sourceTree = "<group>"; };
		A434B5151469DE670081BE77 /* CJSONSerializedData.h */ = {isa = PBXFileReference; fileEncoding = 4; lastKnownFileType = sourcecode.c.h; path = CJSONSerializedData.h; sourceTree = "<group>"; };
		A434B5161469DE670081BE77 /* CJSONSerializedData.m */ = {isa = PBXFileReference; fileEncoding = 4; lastKnownFileType = sourcecode.c.objc; path = CJSONSerializedData.m; sourceTree = "<group>"; };
		A434B5181469DE670081BE77 /* CDataScanner_Extensions.h */ = {isa = PBXFileReference; fileEncoding = 4; lastKnownFileType = sourcecode.c.h; path = CDataScanner_Extensions.h; sourceTree = "<group>"; };
		A434B5191469DE670081BE77 /* CDataScanner_Extensions.m */ = {isa = PBXFileReference; fileEncoding = 4; lastKnownFileType = sourcecode.c.objc; path = CDataScanner_Extensions.m; sourceTree = "<group>"; };
		A434B51A1469DE670081BE77 /* NSCharacterSet_Extensions.h */ = {isa = PBXFileReference; fileEncoding = 4; lastKnownFileType = sourcecode.c.h; path = NSCharacterSet_Extensions.h; sourceTree = "<group>"; };
		A434B51B1469DE670081BE77 /* NSCharacterSet_Extensions.m */ = {isa = PBXFileReference; fileEncoding = 4; lastKnownFileType = sourcecode.c.objc; path = NSCharacterSet_Extensions.m; sourceTree = "<group>"; };
		A434B51C1469DE670081BE77 /* NSDictionary_JSONExtensions.h */ = {isa = PBXFileReference; fileEncoding = 4; lastKnownFileType = sourcecode.c.h; path = NSDictionary_JSONExtensions.h; sourceTree = "<group>"; };
		A434B51D1469DE670081BE77 /* NSDictionary_JSONExtensions.m */ = {isa = PBXFileReference; fileEncoding = 4; lastKnownFileType = sourcecode.c.objc; path = NSDictionary_JSONExtensions.m; sourceTree = "<group>"; };
		A434B51E1469DE670081BE77 /* NSScanner_Extensions.h */ = {isa = PBXFileReference; fileEncoding = 4; lastKnownFileType = sourcecode.c.h; path = NSScanner_Extensions.h; sourceTree = "<group>"; };
		A434B51F1469DE670081BE77 /* NSScanner_Extensions.m */ = {isa = PBXFileReference; fileEncoding = 4; lastKnownFileType = sourcecode.c.objc; path = NSScanner_Extensions.m; sourceTree = "<group>"; };
		A434B5211469DE670081BE77 /* CJSONDeserializer.h */ = {isa = PBXFileReference; fileEncoding = 4; lastKnownFileType = sourcecode.c.h; path = CJSONDeserializer.h; sourceTree = "<group>"; };
		A434B5221469DE670081BE77 /* CJSONDeserializer.m */ = {isa = PBXFileReference; fileEncoding = 4; lastKnownFileType = sourcecode.c.objc; path = CJSONDeserializer.m; sourceTree = "<group>"; };
		A434B5231469DE670081BE77 /* CJSONScanner.h */ = {isa = PBXFileReference; fileEncoding = 4; lastKnownFileType = sourcecode.c.h; path = CJSONScanner.h; sourceTree = "<group>"; };
		A434B5241469DE670081BE77 /* CJSONScanner.m */ = {isa = PBXFileReference; fileEncoding = 4; lastKnownFileType = sourcecode.c.objc; path = CJSONScanner.m; sourceTree = "<group>"; };
		A434B5251469DE670081BE77 /* CJSONSerializer.h */ = {isa = PBXFileReference; fileEncoding = 4; lastKnownFileType = sourcecode.c.h; path = CJSONSerializer.h; sourceTree = "<group>"; };
		A434B5261469DE670081BE77 /* CJSONSerializer.m */ = {isa = PBXFileReference; fileEncoding = 4; lastKnownFileType = sourcecode.c.objc; path = CJSONSerializer.m; sourceTree = "<group>"; };
		A434B5271469DE670081BE77 /* JSONRepresentation.h */ = {isa = PBXFileReference; fileEncoding = 4; lastKnownFileType = sourcecode.c.h; path = JSONRepresentation.h; sourceTree = "<group>"; };
		A434B533146B23AB0081BE77 /* CouchFetchedResultsController.h */ = {isa = PBXFileReference; fileEncoding = 4; lastKnownFileType = sourcecode.c.h; path = CouchFetchedResultsController.h; sourceTree = "<group>"; };
		A434B534146B23AB0081BE77 /* CouchFetchedResultsController.m */ = {isa = PBXFileReference; fileEncoding = 4; lastKnownFileType = sourcecode.c.objc; path = CouchFetchedResultsController.m; sourceTree = "<group>"; };
		A434B536146B25890081BE77 /* CouchFetchRequest.h */ = {isa = PBXFileReference; fileEncoding = 4; lastKnownFileType = sourcecode.c.h; path = CouchFetchRequest.h; sourceTree = "<group>"; };
		A434B537146B25890081BE77 /* CouchFetchRequest.m */ = {isa = PBXFileReference; fileEncoding = 4; lastKnownFileType = sourcecode.c.objc; path = CouchFetchRequest.m; sourceTree = "<group>"; };
		A434B544146CD95B0081BE77 /* appViews.js */ = {isa = PBXFileReference; fileEncoding = 4; lastKnownFileType = sourcecode.javascript; path = appViews.js; sourceTree = "<group>"; };
		A4A10ADF1460956400913801 /* iOSTimesheet.app */ = {isa = PBXFileReference; explicitFileType = wrapper.application; includeInIndex = 0; path = iOSTimesheet.app; sourceTree = BUILT_PRODUCTS_DIR; };
		A4A10AE31460956400913801 /* UIKit.framework */ = {isa = PBXFileReference; lastKnownFileType = wrapper.framework; name = UIKit.framework; path = System/Library/Frameworks/UIKit.framework; sourceTree = SDKROOT; };
		A4A10AE51460956400913801 /* Foundation.framework */ = {isa = PBXFileReference; lastKnownFileType = wrapper.framework; name = Foundation.framework; path = System/Library/Frameworks/Foundation.framework; sourceTree = SDKROOT; };
		A4A10AE71460956400913801 /* CoreGraphics.framework */ = {isa = PBXFileReference; lastKnownFileType = wrapper.framework; name = CoreGraphics.framework; path = System/Library/Frameworks/CoreGraphics.framework; sourceTree = SDKROOT; };
		A4A10AE91460956400913801 /* CoreData.framework */ = {isa = PBXFileReference; lastKnownFileType = wrapper.framework; name = CoreData.framework; path = System/Library/Frameworks/CoreData.framework; sourceTree = SDKROOT; };
		A4A10AED1460956400913801 /* iOSTimesheet-Info.plist */ = {isa = PBXFileReference; lastKnownFileType = text.plist.xml; path = "iOSTimesheet-Info.plist"; sourceTree = "<group>"; };
		A4A10AEF1460956400913801 /* en */ = {isa = PBXFileReference; lastKnownFileType = text.plist.strings; name = en; path = en.lproj/InfoPlist.strings; sourceTree = "<group>"; };
		A4A10AF11460956400913801 /* main.m */ = {isa = PBXFileReference; lastKnownFileType = sourcecode.c.objc; path = main.m; sourceTree = "<group>"; };
		A4A10AF31460956400913801 /* iOSTimesheet-Prefix.pch */ = {isa = PBXFileReference; lastKnownFileType = sourcecode.c.h; path = "iOSTimesheet-Prefix.pch"; sourceTree = "<group>"; };
		A4A10AF41460956400913801 /* TSAppDelegate.h */ = {isa = PBXFileReference; lastKnownFileType = sourcecode.c.h; path = TSAppDelegate.h; sourceTree = "<group>"; };
		A4A10AF51460956400913801 /* TSAppDelegate.m */ = {isa = PBXFileReference; lastKnownFileType = sourcecode.c.objc; path = TSAppDelegate.m; sourceTree = "<group>"; };
		A4A10AF81460956400913801 /* iOSTimesheet.xcdatamodel */ = {isa = PBXFileReference; lastKnownFileType = wrapper.xcdatamodel; path = iOSTimesheet.xcdatamodel; sourceTree = "<group>"; };
		A4A10AFA1460956400913801 /* TSMasterViewController.h */ = {isa = PBXFileReference; lastKnownFileType = sourcecode.c.h; path = TSMasterViewController.h; sourceTree = "<group>"; };
		A4A10AFB1460956400913801 /* TSMasterViewController.m */ = {isa = PBXFileReference; lastKnownFileType = sourcecode.c.objc; path = TSMasterViewController.m; sourceTree = "<group>"; };
		A4A10AFD1460956400913801 /* TSDetailViewController.h */ = {isa = PBXFileReference; lastKnownFileType = sourcecode.c.h; path = TSDetailViewController.h; sourceTree = "<group>"; };
		A4A10AFE1460956400913801 /* TSDetailViewController.m */ = {isa = PBXFileReference; lastKnownFileType = sourcecode.c.objc; path = TSDetailViewController.m; sourceTree = "<group>"; };
		A4A10B011460956400913801 /* en */ = {isa = PBXFileReference; lastKnownFileType = file.xib; name = en; path = en.lproj/TSMasterViewController_iPhone.xib; sourceTree = "<group>"; };
		A4A10B041460956400913801 /* en */ = {isa = PBXFileReference; lastKnownFileType = file.xib; name = en; path = en.lproj/TSMasterViewController_iPad.xib; sourceTree = "<group>"; };
		A4A10B071460956400913801 /* en */ = {isa = PBXFileReference; lastKnownFileType = file.xib; name = en; path = en.lproj/TSDetailViewController_iPhone.xib; sourceTree = "<group>"; };
		A4A10B0A1460956400913801 /* en */ = {isa = PBXFileReference; lastKnownFileType = file.xib; name = en; path = en.lproj/TSDetailViewController_iPad.xib; sourceTree = "<group>"; };
		A4E6D1671463608000D5E08B /* TSTimesheetActivityView_iPhone.xib */ = {isa = PBXFileReference; fileEncoding = 4; lastKnownFileType = file.xib; path = TSTimesheetActivityView_iPhone.xib; sourceTree = "<group>"; };
/* End PBXFileReference section */

/* Begin PBXFrameworksBuildPhase section */
		A4A10ADC1460956400913801 /* Frameworks */ = {
			isa = PBXFrameworksBuildPhase;
			buildActionMask = 2147483647;
			files = (
				A4A10AE41460956400913801 /* UIKit.framework in Frameworks */,
				A4A10AE61460956400913801 /* Foundation.framework in Frameworks */,
				A4A10AE81460956400913801 /* CoreGraphics.framework in Frameworks */,
				A4A10AEA1460956400913801 /* CoreData.framework in Frameworks */,
			);
			runOnlyForDeploymentPostprocessing = 0;
		};
/* End PBXFrameworksBuildPhase section */

/* Begin PBXGroup section */
		A434B5091469D2A60081BE77 /* utility */ = {
			isa = PBXGroup;
			children = (
				A434B50A1469D2DC0081BE77 /* CouchDBHandler.h */,
				A434B50B1469D2DC0081BE77 /* CouchDBHandler.m */,
				A434B533146B23AB0081BE77 /* CouchFetchedResultsController.h */,
				A434B534146B23AB0081BE77 /* CouchFetchedResultsController.m */,
				A434B536146B25890081BE77 /* CouchFetchRequest.h */,
				A434B537146B25890081BE77 /* CouchFetchRequest.m */,
			);
			name = utility;
			sourceTree = "<group>";
		};
		A434B50D1469DE670081BE77 /* TouchJSON */ = {
			isa = PBXGroup;
			children = (
				A434B50E1469DE670081BE77 /* CDataScanner.h */,
				A434B50F1469DE670081BE77 /* CDataScanner.m */,
				A434B5101469DE670081BE77 /* Experimental */,
				A434B5171469DE670081BE77 /* Extensions */,
				A434B5201469DE670081BE77 /* JSON */,
			);
			path = TouchJSON;
			sourceTree = "<group>";
		};
		A434B5101469DE670081BE77 /* Experimental */ = {
			isa = PBXGroup;
			children = (
				A434B5111469DE670081BE77 /* CFilteringJSONSerializer.h */,
				A434B5121469DE670081BE77 /* CFilteringJSONSerializer.m */,
				A434B5131469DE670081BE77 /* CJSONDeserializer_BlocksExtensions.h */,
				A434B5141469DE670081BE77 /* CJSONDeserializer_BlocksExtensions.m */,
				A434B5151469DE670081BE77 /* CJSONSerializedData.h */,
				A434B5161469DE670081BE77 /* CJSONSerializedData.m */,
			);
			path = Experimental;
			sourceTree = "<group>";
		};
		A434B5171469DE670081BE77 /* Extensions */ = {
			isa = PBXGroup;
			children = (
				A434B5181469DE670081BE77 /* CDataScanner_Extensions.h */,
				A434B5191469DE670081BE77 /* CDataScanner_Extensions.m */,
				A434B51A1469DE670081BE77 /* NSCharacterSet_Extensions.h */,
				A434B51B1469DE670081BE77 /* NSCharacterSet_Extensions.m */,
				A434B51C1469DE670081BE77 /* NSDictionary_JSONExtensions.h */,
				A434B51D1469DE670081BE77 /* NSDictionary_JSONExtensions.m */,
				A434B51E1469DE670081BE77 /* NSScanner_Extensions.h */,
				A434B51F1469DE670081BE77 /* NSScanner_Extensions.m */,
			);
			path = Extensions;
			sourceTree = "<group>";
		};
		A434B5201469DE670081BE77 /* JSON */ = {
			isa = PBXGroup;
			children = (
				A434B5211469DE670081BE77 /* CJSONDeserializer.h */,
				A434B5221469DE670081BE77 /* CJSONDeserializer.m */,
				A434B5231469DE670081BE77 /* CJSONScanner.h */,
				A434B5241469DE670081BE77 /* CJSONScanner.m */,
				A434B5251469DE670081BE77 /* CJSONSerializer.h */,
				A434B5261469DE670081BE77 /* CJSONSerializer.m */,
				A434B5271469DE670081BE77 /* JSONRepresentation.h */,
			);
			path = JSON;
			sourceTree = "<group>";
		};
		A434B541146CD8FA0081BE77 /* resource */ = {
			isa = PBXGroup;
			children = (
				A434B543146CD90C0081BE77 /* couchViews */,
			);
			name = resource;
			sourceTree = "<group>";
		};
		A434B543146CD90C0081BE77 /* couchViews */ = {
			isa = PBXGroup;
			children = (
				A434B544146CD95B0081BE77 /* appViews.js */,
			);
			name = couchViews;
			sourceTree = "<group>";
		};
		A4A10AD41460956400913801 = {
			isa = PBXGroup;
			children = (
				A434B541146CD8FA0081BE77 /* resource */,
				A434B50D1469DE670081BE77 /* TouchJSON */,
				A434B5091469D2A60081BE77 /* utility */,
				A4A10AEB1460956400913801 /* iOSTimesheet */,
				A4A10AE21460956400913801 /* Frameworks */,
				A4A10AE01460956400913801 /* Products */,
			);
			sourceTree = "<group>";
		};
		A4A10AE01460956400913801 /* Products */ = {
			isa = PBXGroup;
			children = (
				A4A10ADF1460956400913801 /* iOSTimesheet.app */,
			);
			name = Products;
			sourceTree = "<group>";
		};
		A4A10AE21460956400913801 /* Frameworks */ = {
			isa = PBXGroup;
			children = (
				A4A10AE31460956400913801 /* UIKit.framework */,
				A4A10AE51460956400913801 /* Foundation.framework */,
				A4A10AE71460956400913801 /* CoreGraphics.framework */,
				A4A10AE91460956400913801 /* CoreData.framework */,
			);
			name = Frameworks;
			sourceTree = "<group>";
		};
		A4A10AEB1460956400913801 /* iOSTimesheet */ = {
			isa = PBXGroup;
			children = (
				A4A10AF41460956400913801 /* TSAppDelegate.h */,
				A4A10AF51460956400913801 /* TSAppDelegate.m */,
				A4A10AFA1460956400913801 /* TSMasterViewController.h */,
				A4A10AFB1460956400913801 /* TSMasterViewController.m */,
				A4A10AFD1460956400913801 /* TSDetailViewController.h */,
				A4A10AFE1460956400913801 /* TSDetailViewController.m */,
				A4A10B001460956400913801 /* TSMasterViewController_iPhone.xib */,
				A4A10B031460956400913801 /* TSMasterViewController_iPad.xib */,
				A4A10B061460956400913801 /* TSDetailViewController_iPhone.xib */,
				A4E6D1671463608000D5E08B /* TSTimesheetActivityView_iPhone.xib */,
				A4A10B091460956400913801 /* TSDetailViewController_iPad.xib */,
				A4A10AF71460956400913801 /* iOSTimesheet.xcdatamodeld */,
				A4A10AEC1460956400913801 /* Supporting Files */,
				A434B4FB1468B2450081BE77 /* TSActivityViewController.h */,
				A434B4FC1468B2450081BE77 /* TSActivityViewController.m */,
				A434B4FF1468B3CB0081BE77 /* Constants.h */,
			);
			path = iOSTimesheet;
			sourceTree = "<group>";
		};
		A4A10AEC1460956400913801 /* Supporting Files */ = {
			isa = PBXGroup;
			children = (
				A4A10AED1460956400913801 /* iOSTimesheet-Info.plist */,
				A4A10AEE1460956400913801 /* InfoPlist.strings */,
				A4A10AF11460956400913801 /* main.m */,
				A4A10AF31460956400913801 /* iOSTimesheet-Prefix.pch */,
			);
			name = "Supporting Files";
			sourceTree = "<group>";
		};
/* End PBXGroup section */

/* Begin PBXNativeTarget section */
		A4A10ADE1460956400913801 /* iOSTimesheet */ = {
			isa = PBXNativeTarget;
			buildConfigurationList = A4A10B0E1460956400913801 /* Build configuration list for PBXNativeTarget "iOSTimesheet" */;
			buildPhases = (
				A4A10ADB1460956400913801 /* Sources */,
				A4A10ADC1460956400913801 /* Frameworks */,
				A4A10ADD1460956400913801 /* Resources */,
			);
			buildRules = (
			);
			dependencies = (
			);
			name = iOSTimesheet;
			productName = iOSTimesheet;
			productReference = A4A10ADF1460956400913801 /* iOSTimesheet.app */;
			productType = "com.apple.product-type.application";
		};
/* End PBXNativeTarget section */

/* Begin PBXProject section */
		A4A10AD61460956400913801 /* Project object */ = {
			isa = PBXProject;
			attributes = {
				LastUpgradeCheck = 0420;
				ORGANIZATIONNAME = "UXC Professional Solutions";
			};
			buildConfigurationList = A4A10AD91460956400913801 /* Build configuration list for PBXProject "iOSTimesheet" */;
			compatibilityVersion = "Xcode 3.2";
			developmentRegion = English;
			hasScannedForEncodings = 0;
			knownRegions = (
				en,
			);
			mainGroup = A4A10AD41460956400913801;
			productRefGroup = A4A10AE01460956400913801 /* Products */;
			projectDirPath = "";
			projectRoot = "";
			targets = (
				A4A10ADE1460956400913801 /* iOSTimesheet */,
			);
		};
/* End PBXProject section */

/* Begin PBXResourcesBuildPhase section */
		A4A10ADD1460956400913801 /* Resources */ = {
			isa = PBXResourcesBuildPhase;
			buildActionMask = 2147483647;
			files = (
				A4A10AF01460956400913801 /* InfoPlist.strings in Resources */,
				A4A10B021460956400913801 /* TSMasterViewController_iPhone.xib in Resources */,
				A4A10B051460956400913801 /* TSMasterViewController_iPad.xib in Resources */,
				A4A10B081460956400913801 /* TSDetailViewController_iPhone.xib in Resources */,
				A4A10B0B1460956400913801 /* TSDetailViewController_iPad.xib in Resources */,
				A4E6D1681463608000D5E08B /* TSTimesheetActivityView_iPhone.xib in Resources */,
			);
			runOnlyForDeploymentPostprocessing = 0;
		};
/* End PBXResourcesBuildPhase section */

/* Begin PBXSourcesBuildPhase section */
		A4A10ADB1460956400913801 /* Sources */ = {
			isa = PBXSourcesBuildPhase;
			buildActionMask = 2147483647;
			files = (
				A4A10AF21460956400913801 /* main.m in Sources */,
				A4A10AF61460956400913801 /* TSAppDelegate.m in Sources */,
				A4A10AF91460956400913801 /* iOSTimesheet.xcdatamodeld in Sources */,
				A4A10AFC1460956400913801 /* TSMasterViewController.m in Sources */,
				A4A10AFF1460956400913801 /* TSDetailViewController.m in Sources */,
				A434B4FD1468B2450081BE77 /* TSActivityViewController.m in Sources */,
				A434B50C1469D2DC0081BE77 /* CouchDBHandler.m in Sources */,
				A434B5281469DE670081BE77 /* CDataScanner.m in Sources */,
				A434B5291469DE670081BE77 /* CFilteringJSONSerializer.m in Sources */,
				A434B52A1469DE670081BE77 /* CJSONDeserializer_BlocksExtensions.m in Sources */,
				A434B52B1469DE670081BE77 /* CJSONSerializedData.m in Sources */,
				A434B52C1469DE670081BE77 /* CDataScanner_Extensions.m in Sources */,
				A434B52D1469DE670081BE77 /* NSCharacterSet_Extensions.m in Sources */,
				A434B52E1469DE670081BE77 /* NSDictionary_JSONExtensions.m in Sources */,
				A434B52F1469DE670081BE77 /* NSScanner_Extensions.m in Sources */,
				A434B5301469DE670081BE77 /* CJSONDeserializer.m in Sources */,
				A434B5311469DE670081BE77 /* CJSONScanner.m in Sources */,
				A434B5321469DE670081BE77 /* CJSONSerializer.m in Sources */,
				A434B535146B23AB0081BE77 /* CouchFetchedResultsController.m in Sources */,
				A434B538146B25890081BE77 /* CouchFetchRequest.m in Sources */,
				A434B545146CD95B0081BE77 /* appViews.js in Sources */,
			);
			runOnlyForDeploymentPostprocessing = 0;
		};
/* End PBXSourcesBuildPhase section */

/* Begin PBXVariantGroup section */
		A4A10AEE1460956400913801 /* InfoPlist.strings */ = {
			isa = PBXVariantGroup;
			children = (
				A4A10AEF1460956400913801 /* en */,
			);
			name = InfoPlist.strings;
			sourceTree = "<group>";
		};
		A4A10B001460956400913801 /* TSMasterViewController_iPhone.xib */ = {
			isa = PBXVariantGroup;
			children = (
				A4A10B011460956400913801 /* en */,
			);
			name = TSMasterViewController_iPhone.xib;
			sourceTree = "<group>";
		};
		A4A10B031460956400913801 /* TSMasterViewController_iPad.xib */ = {
			isa = PBXVariantGroup;
			children = (
				A4A10B041460956400913801 /* en */,
			);
			name = TSMasterViewController_iPad.xib;
			sourceTree = "<group>";
		};
		A4A10B061460956400913801 /* TSDetailViewController_iPhone.xib */ = {
			isa = PBXVariantGroup;
			children = (
				A4A10B071460956400913801 /* en */,
			);
			name = TSDetailViewController_iPhone.xib;
			sourceTree = "<group>";
		};
		A4A10B091460956400913801 /* TSDetailViewController_iPad.xib */ = {
			isa = PBXVariantGroup;
			children = (
				A4A10B0A1460956400913801 /* en */,
			);
			name = TSDetailViewController_iPad.xib;
			sourceTree = "<group>";
		};
/* End PBXVariantGroup section */

/* Begin XCBuildConfiguration section */
		A4A10B0C1460956400913801 /* Debug */ = {
			isa = XCBuildConfiguration;
			buildSettings = {
				ALWAYS_SEARCH_USER_PATHS = NO;
				ARCHS = "$(ARCHS_STANDARD_32_BIT)";
				"CODE_SIGN_IDENTITY[sdk=iphoneos*]" = "iPhone Developer";
				COPY_PHASE_STRIP = NO;
				GCC_C_LANGUAGE_STANDARD = gnu99;
				GCC_DYNAMIC_NO_PIC = NO;
				GCC_OPTIMIZATION_LEVEL = 0;
				GCC_PREPROCESSOR_DEFINITIONS = (
					"DEBUG=1",
					"$(inherited)",
				);
				GCC_SYMBOLS_PRIVATE_EXTERN = NO;
				GCC_VERSION = com.apple.compilers.llvm.clang.1_0;
				GCC_WARN_ABOUT_MISSING_PROTOTYPES = YES;
				GCC_WARN_ABOUT_RETURN_TYPE = YES;
				GCC_WARN_UNUSED_VARIABLE = YES;
				IPHONEOS_DEPLOYMENT_TARGET = 5.0;
				SDKROOT = iphoneos;
				TARGETED_DEVICE_FAMILY = "1,2";
			};
			name = Debug;
		};
		A4A10B0D1460956400913801 /* Release */ = {
			isa = XCBuildConfiguration;
			buildSettings = {
				ALWAYS_SEARCH_USER_PATHS = NO;
				ARCHS = "$(ARCHS_STANDARD_32_BIT)";
				"CODE_SIGN_IDENTITY[sdk=iphoneos*]" = "iPhone Developer";
				COPY_PHASE_STRIP = YES;
				GCC_C_LANGUAGE_STANDARD = gnu99;
				GCC_VERSION = com.apple.compilers.llvm.clang.1_0;
				GCC_WARN_ABOUT_MISSING_PROTOTYPES = YES;
				GCC_WARN_ABOUT_RETURN_TYPE = YES;
				GCC_WARN_UNUSED_VARIABLE = YES;
				IPHONEOS_DEPLOYMENT_TARGET = 5.0;
				OTHER_CFLAGS = "-DNS_BLOCK_ASSERTIONS=1";
				SDKROOT = iphoneos;
				TARGETED_DEVICE_FAMILY = "1,2";
				VALIDATE_PRODUCT = YES;
			};
			name = Release;
		};
		A4A10B0F1460956400913801 /* Debug */ = {
			isa = XCBuildConfiguration;
			buildSettings = {
				GCC_PRECOMPILE_PREFIX_HEADER = YES;
				GCC_PREFIX_HEADER = "iOSTimesheet/iOSTimesheet-Prefix.pch";
				INFOPLIST_FILE = "iOSTimesheet/iOSTimesheet-Info.plist";
				IPHONEOS_DEPLOYMENT_TARGET = 4.2;
				PRODUCT_NAME = "$(TARGET_NAME)";
				WRAPPER_EXTENSION = app;
			};
			name = Debug;
		};
		A4A10B101460956400913801 /* Release */ = {
			isa = XCBuildConfiguration;
			buildSettings = {
				GCC_PRECOMPILE_PREFIX_HEADER = YES;
				GCC_PREFIX_HEADER = "iOSTimesheet/iOSTimesheet-Prefix.pch";
				INFOPLIST_FILE = "iOSTimesheet/iOSTimesheet-Info.plist";
				IPHONEOS_DEPLOYMENT_TARGET = 4.2;
				PRODUCT_NAME = "$(TARGET_NAME)";
				WRAPPER_EXTENSION = app;
			};
			name = Release;
		};
/* End XCBuildConfiguration section */

/* Begin XCConfigurationList section */
		A4A10AD91460956400913801 /* Build configuration list for PBXProject "iOSTimesheet" */ = {
			isa = XCConfigurationList;
			buildConfigurations = (
				A4A10B0C1460956400913801 /* Debug */,
				A4A10B0D1460956400913801 /* Release */,
			);
			defaultConfigurationIsVisible = 0;
			defaultConfigurationName = Release;
		};
		A4A10B0E1460956400913801 /* Build configuration list for PBXNativeTarget "iOSTimesheet" */ = {
			isa = XCConfigurationList;
			buildConfigurations = (
				A4A10B0F1460956400913801 /* Debug */,
				A4A10B101460956400913801 /* Release */,
			);
			defaultConfigurationIsVisible = 0;
			defaultConfigurationName = Release;
		};
/* End XCConfigurationList section */

/* Begin XCVersionGroup section */
		A4A10AF71460956400913801 /* iOSTimesheet.xcdatamodeld */ = {
			isa = XCVersionGroup;
			children = (
				A4A10AF81460956400913801 /* iOSTimesheet.xcdatamodel */,
			);
			currentVersion = A4A10AF81460956400913801 /* iOSTimesheet.xcdatamodel */;
			path = iOSTimesheet.xcdatamodeld;
			sourceTree = "<group>";
			versionGroupType = wrapper.xcdatamodel;
		};
/* End XCVersionGroup section */
	};
	rootObject = A4A10AD61460956400913801 /* Project object */;
}
